<?xml version="1.0" encoding="utf-8"?>
<Project ToolsVersion="4.0" xmlns="http://schemas.microsoft.com/developer/msbuild/2003">
  <ItemGroup>
    <Filter Include="Source Files">
      <UniqueIdentifier>{4FC737F1-C7A5-4376-A066-2A32D752A2FF}</UniqueIdentifier>
      <Extensions>cpp;c;cc;cxx;c++;def;odl;idl;hpj;bat;asm;asmx</Extensions>
    </Filter>
    <Filter Include="Resource Files">
      <UniqueIdentifier>{67DA6AB6-F800-4c08-8B7A-83BB121AAD01}</UniqueIdentifier>
      <Extensions>rc;ico;cur;bmp;dlg;rc2;rct;bin;rgs;gif;jpg;jpeg;jpe;resx;tiff;tif;png;wav;mfcribbon-ms</Extensions>
    </Filter>
    <Filter Include="cpp">
      <UniqueIdentifier>{be271d47-775d-4681-a1c6-1735ab58a5cc}</UniqueIdentifier>
    </Filter>
    <Filter Include="Headers">
      <UniqueIdentifier>{93995380-89BD-4b04-88EB-625FBE52EBFB}</UniqueIdentifier>
      <Extensions>h;hh;hpp;hxx;h++;hm;inl;inc;ipp;xsd</Extensions>
    </Filter>
  </ItemGroup>
  <ItemGroup>
    <ClCompile Include="Classes\main.cpp">
      <Filter>cpp</Filter>
    </ClCompile>
    <ClCompile Include="Classes\Core.cpp">
      <Filter>cpp</Filter>
    </ClCompile>
    <ClCompile Include="Classes\Ball.cpp">
      <Filter>cpp</Filter>
    </ClCompile>
    <ClCompile Include="Classes\Paddle.cpp">
      <Filter>cpp</Filter>
    </ClCompile>
    <ClCompile Include="Classes\SDLInit.cpp">
      <Filter>cpp</Filter>
    </ClCompile>
    <ClCompile Include="Classes\IMGInit.cpp">
      <Filter>cpp</Filter>
    </ClCompile>
    <ClCompile Include="Classes\TTFInit.cpp">
      <Filter>cpp</Filter>
    </ClCompile>
    <ClCompile Include="Classes\MixAudio.cpp">
      <Filter>cpp</Filter>
    </ClCompile>
  </ItemGroup>
  <ItemGroup>
    <ClInclude Include="Classes\Core.h">
      <Filter>Headers</Filter>
    </ClInclude>
    <ClInclude Include="Classes\Specifications.h">
      <Filter>Headers</Filter>
    </ClInclude>
    <ClInclude Include="Classes\Timer.h">
      <Filter>Headers</Filter>
    </ClInclude>
    <ClInclude Include="Classes\Ball.h">
      <Filter>Headers</Filter>
    </ClInclude>
    <ClInclude Include="Classes\Paddle.h">
      <Filter>Headers</Filter>
    </ClInclude>
    <ClInclude Include="Classes\SDLInit.h">
      <Filter>Headers</Filter>
    </ClInclude>
    <ClInclude Include="Classes\IMGInit.h">
      <Filter>Headers</Filter>
    </ClInclude>
    <ClInclude Include="Classes\TTFInit.h">
      <Filter>Headers</Filter>
    </ClInclude>
    <ClInclude Include="Classes\MixAudio.h">
      <Filter>Headers</Filter>
    </ClInclude>
  </ItemGroup>
</Project>